// !$*UTF8*$!
{
	archiveVersion = 1;
	classes = {
	};
	objectVersion = 46;
	objects = {

/* Begin PBXBuildFile section */
		8F7F09A616B2FAF3005F124D /* UIKit.framework in Frameworks */ = {isa = PBXBuildFile; fileRef = 8F7F09A516B2FAF3005F124D /* UIKit.framework */; };
		8F7F09A816B2FAF3005F124D /* Foundation.framework in Frameworks */ = {isa = PBXBuildFile; fileRef = 8F7F09A716B2FAF3005F124D /* Foundation.framework */; };
		8F7F09AA16B2FAF3005F124D /* CoreGraphics.framework in Frameworks */ = {isa = PBXBuildFile; fileRef = 8F7F09A916B2FAF3005F124D /* CoreGraphics.framework */; };
		8F7F09B016B2FAF3005F124D /* InfoPlist.strings in Resources */ = {isa = PBXBuildFile; fileRef = 8F7F09AE16B2FAF3005F124D /* InfoPlist.strings */; };
		8F7F09B216B2FAF3005F124D /* main.m in Sources */ = {isa = PBXBuildFile; fileRef = 8F7F09B116B2FAF3005F124D /* main.m */; };
		8F7F09B616B2FAF3005F124D /* AppDelegate.m in Sources */ = {isa = PBXBuildFile; fileRef = 8F7F09B516B2FAF3005F124D /* AppDelegate.m */; };
		8F7F09B816B2FAF3005F124D /* Default.png in Resources */ = {isa = PBXBuildFile; fileRef = 8F7F09B716B2FAF3005F124D /* Default.png */; };
		8F7F09BA16B2FAF3005F124D /* Default@2x.png in Resources */ = {isa = PBXBuildFile; fileRef = 8F7F09B916B2FAF3005F124D /* Default@2x.png */; };
		8F7F09BC16B2FAF3005F124D /* Default-568h@2x.png in Resources */ = {isa = PBXBuildFile; fileRef = 8F7F09BB16B2FAF3005F124D /* Default-568h@2x.png */; };
		8F7F09BF16B2FAF3005F124D /* MainStoryboard.storyboard in Resources */ = {isa = PBXBuildFile; fileRef = 8F7F09BD16B2FAF3005F124D /* MainStoryboard.storyboard */; };
		8F7F09C216B2FAF3005F124D /* FirstViewController.m in Sources */ = {isa = PBXBuildFile; fileRef = 8F7F09C116B2FAF3005F124D /* FirstViewController.m */; };
		8F7F09C416B2FAF3005F124D /* first.png in Resources */ = {isa = PBXBuildFile; fileRef = 8F7F09C316B2FAF3005F124D /* first.png */; };
		8F7F09C616B2FAF3005F124D /* first@2x.png in Resources */ = {isa = PBXBuildFile; fileRef = 8F7F09C516B2FAF3005F124D /* first@2x.png */; };
		8F7F09C916B2FAF3005F124D /* SecondViewController.m in Sources */ = {isa = PBXBuildFile; fileRef = 8F7F09C816B2FAF3005F124D /* SecondViewController.m */; };
		8F7F09CB16B2FAF3005F124D /* second.png in Resources */ = {isa = PBXBuildFile; fileRef = 8F7F09CA16B2FAF3005F124D /* second.png */; };
		8F7F09CD16B2FAF3005F124D /* second@2x.png in Resources */ = {isa = PBXBuildFile; fileRef = 8F7F09CC16B2FAF3005F124D /* second@2x.png */; };
		8F7F09DC16B30348005F124D /* gear.png in Resources */ = {isa = PBXBuildFile; fileRef = 8F7F09D916B30348005F124D /* gear.png */; };
		8F7F09DD16B30348005F124D /* ticket.png in Resources */ = {isa = PBXBuildFile; fileRef = 8F7F09DA16B30348005F124D /* ticket.png */; };
		8F7F09DE16B30348005F124D /* trophy.png in Resources */ = {isa = PBXBuildFile; fileRef = 8F7F09DB16B30348005F124D /* trophy.png */; };
		8F7F09E016B30422005F124D /* house.png in Resources */ = {isa = PBXBuildFile; fileRef = 8F7F09DF16B30422005F124D /* house.png */; };
		8F7F09F516B30B71005F124D /* AFHTTPClient.m in Sources */ = {isa = PBXBuildFile; fileRef = 8F7F09E316B30B71005F124D /* AFHTTPClient.m */; };
		8F7F09F616B30B71005F124D /* AFHTTPRequestOperation.m in Sources */ = {isa = PBXBuildFile; fileRef = 8F7F09E516B30B71005F124D /* AFHTTPRequestOperation.m */; };
		8F7F09F716B30B71005F124D /* AFImageRequestOperation.m in Sources */ = {isa = PBXBuildFile; fileRef = 8F7F09E716B30B71005F124D /* AFImageRequestOperation.m */; };
		8F7F09F816B30B71005F124D /* AFJSONRequestOperation.m in Sources */ = {isa = PBXBuildFile; fileRef = 8F7F09E916B30B71005F124D /* AFJSONRequestOperation.m */; };
		8F7F09F916B30B71005F124D /* AFNetworkActivityIndicatorManager.m in Sources */ = {isa = PBXBuildFile; fileRef = 8F7F09EB16B30B71005F124D /* AFNetworkActivityIndicatorManager.m */; };
		8F7F09FA16B30B71005F124D /* AFPropertyListRequestOperation.m in Sources */ = {isa = PBXBuildFile; fileRef = 8F7F09EE16B30B71005F124D /* AFPropertyListRequestOperation.m */; };
		8F7F09FB16B30B71005F124D /* AFURLConnectionOperation.m in Sources */ = {isa = PBXBuildFile; fileRef = 8F7F09F016B30B71005F124D /* AFURLConnectionOperation.m */; };
		8F7F09FC16B30B71005F124D /* AFXMLRequestOperation.m in Sources */ = {isa = PBXBuildFile; fileRef = 8F7F09F216B30B71005F124D /* AFXMLRequestOperation.m */; };
		8F7F09FD16B30B71005F124D /* UIImageView+AFNetworking.m in Sources */ = {isa = PBXBuildFile; fileRef = 8F7F09F416B30B71005F124D /* UIImageView+AFNetworking.m */; };
		8F7F09FF16B30BD0005F124D /* SystemConfiguration.framework in Frameworks */ = {isa = PBXBuildFile; fileRef = 8F7F09FE16B30BD0005F124D /* SystemConfiguration.framework */; };
		8F7F0A0116B30BEB005F124D /* MobileCoreServices.framework in Frameworks */ = {isa = PBXBuildFile; fileRef = 8F7F0A0016B30BEB005F124D /* MobileCoreServices.framework */; };
/* End PBXBuildFile section */

/* Begin PBXFileReference section */
		8F7F09A116B2FAF3005F124D /* Hiskor.app */ = {isa = PBXFileReference; explicitFileType = wrapper.application; includeInIndex = 0; path = Hiskor.app; sourceTree = BUILT_PRODUCTS_DIR; };
		8F7F09A516B2FAF3005F124D /* UIKit.framework */ = {isa = PBXFileReference; lastKnownFileType = wrapper.framework; name = UIKit.framework; path = System/Library/Frameworks/UIKit.framework; sourceTree = SDKROOT; };
		8F7F09A716B2FAF3005F124D /* Foundation.framework */ = {isa = PBXFileReference; lastKnownFileType = wrapper.framework; name = Foundation.framework; path = System/Library/Frameworks/Foundation.framework; sourceTree = SDKROOT; };
		8F7F09A916B2FAF3005F124D /* CoreGraphics.framework */ = {isa = PBXFileReference; lastKnownFileType = wrapper.framework; name = CoreGraphics.framework; path = System/Library/Frameworks/CoreGraphics.framework; sourceTree = SDKROOT; };
		8F7F09AD16B2FAF3005F124D /* Hiskor-Info.plist */ = {isa = PBXFileReference; lastKnownFileType = text.plist.xml; path = "Hiskor-Info.plist"; sourceTree = "<group>"; };
		8F7F09AF16B2FAF3005F124D /* en */ = {isa = PBXFileReference; lastKnownFileType = text.plist.strings; name = en; path = en.lproj/InfoPlist.strings; sourceTree = "<group>"; };
		8F7F09B116B2FAF3005F124D /* main.m */ = {isa = PBXFileReference; lastKnownFileType = sourcecode.c.objc; path = main.m; sourceTree = "<group>"; };
		8F7F09B316B2FAF3005F124D /* Hiskor-Prefix.pch */ = {isa = PBXFileReference; lastKnownFileType = sourcecode.c.h; path = "Hiskor-Prefix.pch"; sourceTree = "<group>"; };
		8F7F09B416B2FAF3005F124D /* AppDelegate.h */ = {isa = PBXFileReference; lastKnownFileType = sourcecode.c.h; path = AppDelegate.h; sourceTree = "<group>"; };
		8F7F09B516B2FAF3005F124D /* AppDelegate.m */ = {isa = PBXFileReference; lastKnownFileType = sourcecode.c.objc; path = AppDelegate.m; sourceTree = "<group>"; };
		8F7F09B716B2FAF3005F124D /* Default.png */ = {isa = PBXFileReference; lastKnownFileType = image.png; path = Default.png; sourceTree = "<group>"; };
		8F7F09B916B2FAF3005F124D /* Default@2x.png */ = {isa = PBXFileReference; lastKnownFileType = image.png; path = "Default@2x.png"; sourceTree = "<group>"; };
		8F7F09BB16B2FAF3005F124D /* Default-568h@2x.png */ = {isa = PBXFileReference; lastKnownFileType = image.png; path = "Default-568h@2x.png"; sourceTree = "<group>"; };
		8F7F09BE16B2FAF3005F124D /* en */ = {isa = PBXFileReference; lastKnownFileType = file.storyboard; name = en; path = en.lproj/MainStoryboard.storyboard; sourceTree = "<group>"; };
		8F7F09C016B2FAF3005F124D /* FirstViewController.h */ = {isa = PBXFileReference; lastKnownFileType = sourcecode.c.h; path = FirstViewController.h; sourceTree = "<group>"; };
		8F7F09C116B2FAF3005F124D /* FirstViewController.m */ = {isa = PBXFileReference; lastKnownFileType = sourcecode.c.objc; path = FirstViewController.m; sourceTree = "<group>"; };
		8F7F09C316B2FAF3005F124D /* first.png */ = {isa = PBXFileReference; lastKnownFileType = image.png; path = first.png; sourceTree = "<group>"; };
		8F7F09C516B2FAF3005F124D /* first@2x.png */ = {isa = PBXFileReference; lastKnownFileType = image.png; path = "first@2x.png"; sourceTree = "<group>"; };
		8F7F09C716B2FAF3005F124D /* SecondViewController.h */ = {isa = PBXFileReference; lastKnownFileType = sourcecode.c.h; path = SecondViewController.h; sourceTree = "<group>"; };
		8F7F09C816B2FAF3005F124D /* SecondViewController.m */ = {isa = PBXFileReference; lastKnownFileType = sourcecode.c.objc; path = SecondViewController.m; sourceTree = "<group>"; };
		8F7F09CA16B2FAF3005F124D /* second.png */ = {isa = PBXFileReference; lastKnownFileType = image.png; path = second.png; sourceTree = "<group>"; };
		8F7F09CC16B2FAF3005F124D /* second@2x.png */ = {isa = PBXFileReference; lastKnownFileType = image.png; path = "second@2x.png"; sourceTree = "<group>"; };
		8F7F09D916B30348005F124D /* gear.png */ = {isa = PBXFileReference; lastKnownFileType = image.png; path = gear.png; sourceTree = "<group>"; };
		8F7F09DA16B30348005F124D /* ticket.png */ = {isa = PBXFileReference; lastKnownFileType = image.png; path = ticket.png; sourceTree = "<group>"; };
		8F7F09DB16B30348005F124D /* trophy.png */ = {isa = PBXFileReference; lastKnownFileType = image.png; path = trophy.png; sourceTree = "<group>"; };
		8F7F09DF16B30422005F124D /* house.png */ = {isa = PBXFileReference; lastKnownFileType = image.png; path = house.png; sourceTree = "<group>"; };
		8F7F09E216B30B71005F124D /* AFHTTPClient.h */ = {isa = PBXFileReference; fileEncoding = 4; lastKnownFileType = sourcecode.c.h; path = AFHTTPClient.h; sourceTree = "<group>"; };
		8F7F09E316B30B71005F124D /* AFHTTPClient.m */ = {isa = PBXFileReference; fileEncoding = 4; lastKnownFileType = sourcecode.c.objc; path = AFHTTPClient.m; sourceTree = "<group>"; };
		8F7F09E416B30B71005F124D /* AFHTTPRequestOperation.h */ = {isa = PBXFileReference; fileEncoding = 4; lastKnownFileType = sourcecode.c.h; path = AFHTTPRequestOperation.h; sourceTree = "<group>"; };
		8F7F09E516B30B71005F124D /* AFHTTPRequestOperation.m */ = {isa = PBXFileReference; fileEncoding = 4; lastKnownFileType = sourcecode.c.objc; path = AFHTTPRequestOperation.m; sourceTree = "<group>"; };
		8F7F09E616B30B71005F124D /* AFImageRequestOperation.h */ = {isa = PBXFileReference; fileEncoding = 4; lastKnownFileType = sourcecode.c.h; path = AFImageRequestOperation.h; sourceTree = "<group>"; };
		8F7F09E716B30B71005F124D /* AFImageRequestOperation.m */ = {isa = PBXFileReference; fileEncoding = 4; lastKnownFileType = sourcecode.c.objc; path = AFImageRequestOperation.m; sourceTree = "<group>"; };
		8F7F09E816B30B71005F124D /* AFJSONRequestOperation.h */ = {isa = PBXFileReference; fileEncoding = 4; lastKnownFileType = sourcecode.c.h; path = AFJSONRequestOperation.h; sourceTree = "<group>"; };
		8F7F09E916B30B71005F124D /* AFJSONRequestOperation.m */ = {isa = PBXFileReference; fileEncoding = 4; lastKnownFileType = sourcecode.c.objc; path = AFJSONRequestOperation.m; sourceTree = "<group>"; };
		8F7F09EA16B30B71005F124D /* AFNetworkActivityIndicatorManager.h */ = {isa = PBXFileReference; fileEncoding = 4; lastKnownFileType = sourcecode.c.h; path = AFNetworkActivityIndicatorManager.h; sourceTree = "<group>"; };
		8F7F09EB16B30B71005F124D /* AFNetworkActivityIndicatorManager.m */ = {isa = PBXFileReference; fileEncoding = 4; lastKnownFileType = sourcecode.c.objc; path = AFNetworkActivityIndicatorManager.m; sourceTree = "<group>"; };
		8F7F09EC16B30B71005F124D /* AFNetworking.h */ = {isa = PBXFileReference; fileEncoding = 4; lastKnownFileType = sourcecode.c.h; path = AFNetworking.h; sourceTree = "<group>"; };
		8F7F09ED16B30B71005F124D /* AFPropertyListRequestOperation.h */ = {isa = PBXFileReference; fileEncoding = 4; lastKnownFileType = sourcecode.c.h; path = AFPropertyListRequestOperation.h; sourceTree = "<group>"; };
		8F7F09EE16B30B71005F124D /* AFPropertyListRequestOperation.m */ = {isa = PBXFileReference; fileEncoding = 4; lastKnownFileType = sourcecode.c.objc; path = AFPropertyListRequestOperation.m; sourceTree = "<group>"; };
		8F7F09EF16B30B71005F124D /* AFURLConnectionOperation.h */ = {isa = PBXFileReference; fileEncoding = 4; lastKnownFileType = sourcecode.c.h; path = AFURLConnectionOperation.h; sourceTree = "<group>"; };
		8F7F09F016B30B71005F124D /* AFURLConnectionOperation.m */ = {isa = PBXFileReference; fileEncoding = 4; lastKnownFileType = sourcecode.c.objc; path = AFURLConnectionOperation.m; sourceTree = "<group>"; };
		8F7F09F116B30B71005F124D /* AFXMLRequestOperation.h */ = {isa = PBXFileReference; fileEncoding = 4; lastKnownFileType = sourcecode.c.h; path = AFXMLRequestOperation.h; sourceTree = "<group>"; };
		8F7F09F216B30B71005F124D /* AFXMLRequestOperation.m */ = {isa = PBXFileReference; fileEncoding = 4; lastKnownFileType = sourcecode.c.objc; path = AFXMLRequestOperation.m; sourceTree = "<group>"; };
		8F7F09F316B30B71005F124D /* UIImageView+AFNetworking.h */ = {isa = PBXFileReference; fileEncoding = 4; lastKnownFileType = sourcecode.c.h; path = "UIImageView+AFNetworking.h"; sourceTree = "<group>"; };
		8F7F09F416B30B71005F124D /* UIImageView+AFNetworking.m */ = {isa = PBXFileReference; fileEncoding = 4; lastKnownFileType = sourcecode.c.objc; path = "UIImageView+AFNetworking.m"; sourceTree = "<group>"; };
		8F7F09FE16B30BD0005F124D /* SystemConfiguration.framework */ = {isa = PBXFileReference; lastKnownFileType = wrapper.framework; name = SystemConfiguration.framework; path = System/Library/Frameworks/SystemConfiguration.framework; sourceTree = SDKROOT; };
		8F7F0A0016B30BEB005F124D /* MobileCoreServices.framework */ = {isa = PBXFileReference; lastKnownFileType = wrapper.framework; name = MobileCoreServices.framework; path = System/Library/Frameworks/MobileCoreServices.framework; sourceTree = SDKROOT; };
/* End PBXFileReference section */

/* Begin PBXFrameworksBuildPhase section */
		8F7F099E16B2FAF3005F124D /* Frameworks */ = {
			isa = PBXFrameworksBuildPhase;
			buildActionMask = 2147483647;
			files = (
				8F7F0A0116B30BEB005F124D /* MobileCoreServices.framework in Frameworks */,
				8F7F09FF16B30BD0005F124D /* SystemConfiguration.framework in Frameworks */,
				8F7F09A616B2FAF3005F124D /* UIKit.framework in Frameworks */,
				8F7F09A816B2FAF3005F124D /* Foundation.framework in Frameworks */,
				8F7F09AA16B2FAF3005F124D /* CoreGraphics.framework in Frameworks */,
			);
			runOnlyForDeploymentPostprocessing = 0;
		};
/* End PBXFrameworksBuildPhase section */

/* Begin PBXGroup section */
		8F7F099616B2FAF3005F124D = {
			isa = PBXGroup;
			children = (
				8F7F0A0016B30BEB005F124D /* MobileCoreServices.framework */,
				8F7F09FE16B30BD0005F124D /* SystemConfiguration.framework */,
				8F7F09AB16B2FAF3005F124D /* Hiskor */,
				8F7F09A416B2FAF3005F124D /* Frameworks */,
				8F7F09A216B2FAF3005F124D /* Products */,
			);
			sourceTree = "<group>";
		};
		8F7F09A216B2FAF3005F124D /* Products */ = {
			isa = PBXGroup;
			children = (
				8F7F09A116B2FAF3005F124D /* Hiskor.app */,
			);
			name = Products;
			sourceTree = "<group>";
		};
		8F7F09A416B2FAF3005F124D /* Frameworks */ = {
			isa = PBXGroup;
			children = (
				8F7F09E116B30B71005F124D /* AFNetworking */,
				8F7F09A516B2FAF3005F124D /* UIKit.framework */,
				8F7F09A716B2FAF3005F124D /* Foundation.framework */,
				8F7F09A916B2FAF3005F124D /* CoreGraphics.framework */,
			);
			name = Frameworks;
			sourceTree = "<group>";
		};
		8F7F09AB16B2FAF3005F124D /* Hiskor */ = {
			isa = PBXGroup;
			children = (
				8F7F09B416B2FAF3005F124D /* AppDelegate.h */,
				8F7F09B516B2FAF3005F124D /* AppDelegate.m */,
				8F7F09BD16B2FAF3005F124D /* MainStoryboard.storyboard */,
				8F7F09C016B2FAF3005F124D /* FirstViewController.h */,
				8F7F09C116B2FAF3005F124D /* FirstViewController.m */,
				8F7F09C716B2FAF3005F124D /* SecondViewController.h */,
				8F7F09C816B2FAF3005F124D /* SecondViewController.m */,
				8F7F09AC16B2FAF3005F124D /* Supporting Files */,
			);
			path = Hiskor;
			sourceTree = "<group>";
		};
		8F7F09AC16B2FAF3005F124D /* Supporting Files */ = {
			isa = PBXGroup;
			children = (
				8F7F09D716B3032F005F124D /* Images */,
				8F7F09AD16B2FAF3005F124D /* Hiskor-Info.plist */,
				8F7F09AE16B2FAF3005F124D /* InfoPlist.strings */,
				8F7F09B116B2FAF3005F124D /* main.m */,
				8F7F09B316B2FAF3005F124D /* Hiskor-Prefix.pch */,
				8F7F09B716B2FAF3005F124D /* Default.png */,
				8F7F09B916B2FAF3005F124D /* Default@2x.png */,
				8F7F09BB16B2FAF3005F124D /* Default-568h@2x.png */,
			);
			name = "Supporting Files";
			sourceTree = "<group>";
		};
		8F7F09D716B3032F005F124D /* Images */ = {
			isa = PBXGroup;
			children = (
				8F7F09DF16B30422005F124D /* house.png */,
				8F7F09D916B30348005F124D /* gear.png */,
				8F7F09DA16B30348005F124D /* ticket.png */,
				8F7F09DB16B30348005F124D /* trophy.png */,
				8F7F09C316B2FAF3005F124D /* first.png */,
				8F7F09C516B2FAF3005F124D /* first@2x.png */,
				8F7F09CA16B2FAF3005F124D /* second.png */,
				8F7F09CC16B2FAF3005F124D /* second@2x.png */,
			);
			name = Images;
			sourceTree = "<group>";
		};
		8F7F09E116B30B71005F124D /* AFNetworking */ = {
			isa = PBXGroup;
			children = (
				8F7F09E216B30B71005F124D /* AFHTTPClient.h */,
				8F7F09E316B30B71005F124D /* AFHTTPClient.m */,
				8F7F09E416B30B71005F124D /* AFHTTPRequestOperation.h */,
				8F7F09E516B30B71005F124D /* AFHTTPRequestOperation.m */,
				8F7F09E616B30B71005F124D /* AFImageRequestOperation.h */,
				8F7F09E716B30B71005F124D /* AFImageRequestOperation.m */,
				8F7F09E816B30B71005F124D /* AFJSONRequestOperation.h */,
				8F7F09E916B30B71005F124D /* AFJSONRequestOperation.m */,
				8F7F09EA16B30B71005F124D /* AFNetworkActivityIndicatorManager.h */,
				8F7F09EB16B30B71005F124D /* AFNetworkActivityIndicatorManager.m */,
				8F7F09EC16B30B71005F124D /* AFNetworking.h */,
				8F7F09ED16B30B71005F124D /* AFPropertyListRequestOperation.h */,
				8F7F09EE16B30B71005F124D /* AFPropertyListRequestOperation.m */,
				8F7F09EF16B30B71005F124D /* AFURLConnectionOperation.h */,
				8F7F09F016B30B71005F124D /* AFURLConnectionOperation.m */,
				8F7F09F116B30B71005F124D /* AFXMLRequestOperation.h */,
				8F7F09F216B30B71005F124D /* AFXMLRequestOperation.m */,
				8F7F09F316B30B71005F124D /* UIImageView+AFNetworking.h */,
				8F7F09F416B30B71005F124D /* UIImageView+AFNetworking.m */,
			);
			name = AFNetworking;
			path = Hiskor/AFNetworking;
			sourceTree = "<group>";
		};
/* End PBXGroup section */

/* Begin PBXNativeTarget section */
		8F7F09A016B2FAF3005F124D /* Hiskor */ = {
			isa = PBXNativeTarget;
			buildConfigurationList = 8F7F09D016B2FAF3005F124D /* Build configuration list for PBXNativeTarget "Hiskor" */;
			buildPhases = (
				8F7F099D16B2FAF3005F124D /* Sources */,
				8F7F099E16B2FAF3005F124D /* Frameworks */,
				8F7F099F16B2FAF3005F124D /* Resources */,
			);
			buildRules = (
			);
			dependencies = (
			);
			name = Hiskor;
			productName = Hiskor;
			productReference = 8F7F09A116B2FAF3005F124D /* Hiskor.app */;
			productType = "com.apple.product-type.application";
		};
/* End PBXNativeTarget section */

/* Begin PBXProject section */
		8F7F099816B2FAF3005F124D /* Project object */ = {
			isa = PBXProject;
			attributes = {
				LastUpgradeCheck = 0450;
				ORGANIZATIONNAME = ITP;
			};
			buildConfigurationList = 8F7F099B16B2FAF3005F124D /* Build configuration list for PBXProject "Hiskor" */;
			compatibilityVersion = "Xcode 3.2";
			developmentRegion = English;
			hasScannedForEncodings = 0;
			knownRegions = (
				en,
			);
			mainGroup = 8F7F099616B2FAF3005F124D;
			productRefGroup = 8F7F09A216B2FAF3005F124D /* Products */;
			projectDirPath = "";
			projectRoot = "";
			targets = (
				8F7F09A016B2FAF3005F124D /* Hiskor */,
			);
		};
/* End PBXProject section */

/* Begin PBXResourcesBuildPhase section */
		8F7F099F16B2FAF3005F124D /* Resources */ = {
			isa = PBXResourcesBuildPhase;
			buildActionMask = 2147483647;
			files = (
				8F7F09B016B2FAF3005F124D /* InfoPlist.strings in Resources */,
				8F7F09B816B2FAF3005F124D /* Default.png in Resources */,
				8F7F09BA16B2FAF3005F124D /* Default@2x.png in Resources */,
				8F7F09BC16B2FAF3005F124D /* Default-568h@2x.png in Resources */,
				8F7F09BF16B2FAF3005F124D /* MainStoryboard.storyboard in Resources */,
				8F7F09C416B2FAF3005F124D /* first.png in Resources */,
				8F7F09C616B2FAF3005F124D /* first@2x.png in Resources */,
				8F7F09CB16B2FAF3005F124D /* second.png in Resources */,
				8F7F09CD16B2FAF3005F124D /* second@2x.png in Resources */,
				8F7F09DC16B30348005F124D /* gear.png in Resources */,
				8F7F09DD16B30348005F124D /* ticket.png in Resources */,
				8F7F09DE16B30348005F124D /* trophy.png in Resources */,
				8F7F09E016B30422005F124D /* house.png in Resources */,
			);
			runOnlyForDeploymentPostprocessing = 0;
		};
/* End PBXResourcesBuildPhase section */

/* Begin PBXSourcesBuildPhase section */
		8F7F099D16B2FAF3005F124D /* Sources */ = {
			isa = PBXSourcesBuildPhase;
			buildActionMask = 2147483647;
			files = (
				8F7F09B216B2FAF3005F124D /* main.m in Sources */,
				8F7F09B616B2FAF3005F124D /* AppDelegate.m in Sources */,
				8F7F09C216B2FAF3005F124D /* FirstViewController.m in Sources */,
				8F7F09C916B2FAF3005F124D /* SecondViewController.m in Sources */,
				8F7F09F516B30B71005F124D /* AFHTTPClient.m in Sources */,
				8F7F09F616B30B71005F124D /* AFHTTPRequestOperation.m in Sources */,
				8F7F09F716B30B71005F124D /* AFImageRequestOperation.m in Sources */,
				8F7F09F816B30B71005F124D /* AFJSONRequestOperation.m in Sources */,
				8F7F09F916B30B71005F124D /* AFNetworkActivityIndicatorManager.m in Sources */,
				8F7F09FA16B30B71005F124D /* AFPropertyListRequestOperation.m in Sources */,
				8F7F09FB16B30B71005F124D /* AFURLConnectionOperation.m in Sources */,
				8F7F09FC16B30B71005F124D /* AFXMLRequestOperation.m in Sources */,
				8F7F09FD16B30B71005F124D /* UIImageView+AFNetworking.m in Sources */,
			);
			runOnlyForDeploymentPostprocessing = 0;
		};
/* End PBXSourcesBuildPhase section */

/* Begin PBXVariantGroup section */
		8F7F09AE16B2FAF3005F124D /* InfoPlist.strings */ = {
			isa = PBXVariantGroup;
			children = (
				8F7F09AF16B2FAF3005F124D /* en */,
			);
			name = InfoPlist.strings;
			sourceTree = "<group>";
		};
		8F7F09BD16B2FAF3005F124D /* MainStoryboard.storyboard */ = {
			isa = PBXVariantGroup;
			children = (
				8F7F09BE16B2FAF3005F124D /* en */,
			);
			name = MainStoryboard.storyboard;
			sourceTree = "<group>";
		};
/* End PBXVariantGroup section */

/* Begin XCBuildConfiguration section */
		8F7F09CE16B2FAF3005F124D /* Debug */ = {
			isa = XCBuildConfiguration;
			buildSettings = {
				ALWAYS_SEARCH_USER_PATHS = NO;
				CLANG_CXX_LANGUAGE_STANDARD = "gnu++0x";
				CLANG_CXX_LIBRARY = "libc++";
				CLANG_ENABLE_OBJC_ARC = YES;
				CLANG_WARN_EMPTY_BODY = YES;
				CLANG_WARN__DUPLICATE_METHOD_MATCH = YES;
				"CODE_SIGN_IDENTITY[sdk=iphoneos*]" = "iPhone Developer";
				COPY_PHASE_STRIP = NO;
				GCC_C_LANGUAGE_STANDARD = gnu99;
				GCC_DYNAMIC_NO_PIC = NO;
				GCC_OPTIMIZATION_LEVEL = 0;
				GCC_PREPROCESSOR_DEFINITIONS = (
					"DEBUG=1",
					"$(inherited)",
				);
				GCC_SYMBOLS_PRIVATE_EXTERN = NO;
				GCC_WARN_ABOUT_RETURN_TYPE = YES;
				GCC_WARN_UNINITIALIZED_AUTOS = YES;
				GCC_WARN_UNUSED_VARIABLE = YES;
				IPHONEOS_DEPLOYMENT_TARGET = 6.0;
				ONLY_ACTIVE_ARCH = YES;
				SDKROOT = iphoneos;
			};
			name = Debug;
		};
		8F7F09CF16B2FAF3005F124D /* Release */ = {
			isa = XCBuildConfiguration;
			buildSettings = {
				ALWAYS_SEARCH_USER_PATHS = NO;
				CLANG_CXX_LANGUAGE_STANDARD = "gnu++0x";
				CLANG_CXX_LIBRARY = "libc++";
				CLANG_ENABLE_OBJC_ARC = YES;
				CLANG_WARN_EMPTY_BODY = YES;
				CLANG_WARN__DUPLICATE_METHOD_MATCH = YES;
				"CODE_SIGN_IDENTITY[sdk=iphoneos*]" = "iPhone Developer";
				COPY_PHASE_STRIP = YES;
				GCC_C_LANGUAGE_STANDARD = gnu99;
				GCC_WARN_ABOUT_RETURN_TYPE = YES;
				GCC_WARN_UNINITIALIZED_AUTOS = YES;
				GCC_WARN_UNUSED_VARIABLE = YES;
				IPHONEOS_DEPLOYMENT_TARGET = 6.0;
				OTHER_CFLAGS = "-DNS_BLOCK_ASSERTIONS=1";
				SDKROOT = iphoneos;
				VALIDATE_PRODUCT = YES;
			};
			name = Release;
		};
		8F7F09D116B2FAF3005F124D /* Debug */ = {
			isa = XCBuildConfiguration;
			buildSettings = {
				GCC_PRECOMPILE_PREFIX_HEADER = YES;
				GCC_PREFIX_HEADER = "Hiskor/Hiskor-Prefix.pch";
				INFOPLIST_FILE = "Hiskor/Hiskor-Info.plist";
				PRODUCT_NAME = "$(TARGET_NAME)";
				WRAPPER_EXTENSION = app;
			};
			name = Debug;
		};
		8F7F09D216B2FAF3005F124D /* Release */ = {
			isa = XCBuildConfiguration;
			buildSettings = {
				GCC_PRECOMPILE_PREFIX_HEADER = YES;
				GCC_PREFIX_HEADER = "Hiskor/Hiskor-Prefix.pch";
				INFOPLIST_FILE = "Hiskor/Hiskor-Info.plist";
				PRODUCT_NAME = "$(TARGET_NAME)";
				WRAPPER_EXTENSION = app;
			};
			name = Release;
		};
/* End XCBuildConfiguration section */

/* Begin XCConfigurationList section */
		8F7F099B16B2FAF3005F124D /* Build configuration list for PBXProject "Hiskor" */ = {
			isa = XCConfigurationList;
			buildConfigurations = (
				8F7F09CE16B2FAF3005F124D /* Debug */,
				8F7F09CF16B2FAF3005F124D /* Release */,
			);
			defaultConfigurationIsVisible = 0;
			defaultConfigurationName = Release;
		};
		8F7F09D016B2FAF3005F124D /* Build configuration list for PBXNativeTarget "Hiskor" */ = {
			isa = XCConfigurationList;
			buildConfigurations = (
				8F7F09D116B2FAF3005F124D /* Debug */,
				8F7F09D216B2FAF3005F124D /* Release */,
			);
			defaultConfigurationIsVisible = 0;
			defaultConfigurationName = Release;
		};
/* End XCConfigurationList section */
	};
	rootObject = 8F7F099816B2FAF3005F124D /* Project object */;
}
